
Microsoft Visual Studio Solution File, Format Version 9.00
# Visual Studio 2005
Project("{FAE04EC0-301F-11D3-BF4B-00C04F79EFBC}") = "SimpleGUIThread", "SimpleGUIThread\SimpleGUIThread.csproj", "{D3BD9233-0DB5-483A-9EA1-30148FF976FD}"
EndProject
Global
	GlobalSection(SolutionConfigurationPlatforms) = preSolution
		Debug|Any CPU = Debug|Any CPU
		Release|Any CPU = Release|Any CPU
	EndGlobalSection
	GlobalSection(ProjectConfigurationPlatforms) = postSolution
		{D3BD9233-0DB5-483A-9EA1-30148FF976FD}.Debug|Any CPU.ActiveCfg = Debug|Any CPU
		{D3BD9233-0DB5-483A-9EA1-30148FF976FD}.Debug|Any CPU.Build.0 = Debug|Any CPU
		{D3BD9233-0DB5-483A-9EA1-30148FF976FD}.Release|Any CPU.ActiveCfg = Release|Any CPU
		{D3BD9233-0DB5-483A-9EA1-30148FF976FD}.Release|Any CPU.Build.0 = Release|Any CPU
	EndGlobalSection
	GlobalSection(SolutionProperties) = preSolution
		HideSolutionNode = FALSE
	EndGlobalSection
EndGlobal
